
Microsoft Visual Studio Solution File, Format Version 12.00
# Visual Studio Version 16
VisualStudioVersion = 16.0.30907.101
MinimumVisualStudioVersion = 10.0.40219.1
Project("{FAE04EC0-301F-11D3-BF4B-00C04F79EFBC}") = "WPF3", "WPF3\WPF3.csproj", "{EA9E2D75-7008-49AF-BF6A-703F52AF8962}"
EndProject
Global
	GlobalSection(SolutionConfigurationPlatforms) = preSolution
		Debug|Any CPU = Debug|Any CPU
		Release|Any CPU = Release|Any CPU
	EndGlobalSection
	GlobalSection(ProjectConfigurationPlatforms) = postSolution
		{EA9E2D75-7008-49AF-BF6A-703F52AF8962}.Debug|Any CPU.ActiveCfg = Debug|Any CPU
		{EA9E2D75-7008-49AF-BF6A-703F52AF8962}.Debug|Any CPU.Build.0 = Debug|Any CPU
		{EA9E2D75-7008-49AF-BF6A-703F52AF8962}.Release|Any CPU.ActiveCfg = Release|Any CPU
		{EA9E2D75-7008-49AF-BF6A-703F52AF8962}.Release|Any CPU.Build.0 = Release|Any CPU
	EndGlobalSection
	GlobalSection(SolutionProperties) = preSolution
		HideSolutionNode = FALSE
	EndGlobalSection
	GlobalSection(ExtensibilityGlobals) = postSolution
		SolutionGuid = {9A36FFDA-C9F3-46F3-8E74-8EED91B409A0}
	EndGlobalSection
EndGlobal
